
Microsoft Visual Studio Solution File, Format Version 12.00
# Visual Studio 2012
Project("{FAE04EC0-301F-11D3-BF4B-00C04F79EFBC}") = "WebAPIHttps", "WebAPIHttps\WebAPIHttps.csproj", "{935300E8-EB18-473E-BF93-0BAB337F60FA}"
EndProject
Global
	GlobalSection(SolutionConfigurationPlatforms) = preSolution
		Debug|Any CPU = Debug|Any CPU
		Release|Any CPU = Release|Any CPU
	EndGlobalSection
	GlobalSection(ProjectConfigurationPlatforms) = postSolution
		{935300E8-EB18-473E-BF93-0BAB337F60FA}.Debug|Any CPU.ActiveCfg = Debug|Any CPU
		{935300E8-EB18-473E-BF93-0BAB337F60FA}.Debug|Any CPU.Build.0 = Debug|Any CPU
		{935300E8-EB18-473E-BF93-0BAB337F60FA}.Release|Any CPU.ActiveCfg = Release|Any CPU
		{935300E8-EB18-473E-BF93-0BAB337F60FA}.Release|Any CPU.Build.0 = Release|Any CPU
	EndGlobalSection
	GlobalSection(SolutionProperties) = preSolution
		HideSolutionNode = FALSE
	EndGlobalSection
EndGlobal
