
Microsoft Visual Studio Solution File, Format Version 12.00
# Visual Studio 2012
Project("{FAE04EC0-301F-11D3-BF4B-00C04F79EFBC}") = "DapperDome", "DapperDome\DapperDome.csproj", "{F62F2795-FF8F-46BE-B3C7-EF36964B9803}"
EndProject
Project("{FAE04EC0-301F-11D3-BF4B-00C04F79EFBC}") = "Model", "Model\Model.csproj", "{BC1CCAAA-FDF2-4F5D-8A85-FC342C71C3F7}"
EndProject
Project("{FAE04EC0-301F-11D3-BF4B-00C04F79EFBC}") = "DAL", "DAL\DAL.csproj", "{0D55E1CE-13A5-4776-A973-56F2FD4A31D5}"
EndProject
Project("{FAE04EC0-301F-11D3-BF4B-00C04F79EFBC}") = "BLL", "BLL\BLL.csproj", "{A6A77E4D-6194-418B-9177-3EFD12E0C962}"
EndProject
Global
	GlobalSection(SolutionConfigurationPlatforms) = preSolution
		Debug|Any CPU = Debug|Any CPU
		Release|Any CPU = Release|Any CPU
	EndGlobalSection
	GlobalSection(ProjectConfigurationPlatforms) = postSolution
		{F62F2795-FF8F-46BE-B3C7-EF36964B9803}.Debug|Any CPU.ActiveCfg = Debug|Any CPU
		{F62F2795-FF8F-46BE-B3C7-EF36964B9803}.Debug|Any CPU.Build.0 = Debug|Any CPU
		{F62F2795-FF8F-46BE-B3C7-EF36964B9803}.Release|Any CPU.ActiveCfg = Release|Any CPU
		{F62F2795-FF8F-46BE-B3C7-EF36964B9803}.Release|Any CPU.Build.0 = Release|Any CPU
		{BC1CCAAA-FDF2-4F5D-8A85-FC342C71C3F7}.Debug|Any CPU.ActiveCfg = Debug|Any CPU
		{BC1CCAAA-FDF2-4F5D-8A85-FC342C71C3F7}.Debug|Any CPU.Build.0 = Debug|Any CPU
		{BC1CCAAA-FDF2-4F5D-8A85-FC342C71C3F7}.Release|Any CPU.ActiveCfg = Release|Any CPU
		{BC1CCAAA-FDF2-4F5D-8A85-FC342C71C3F7}.Release|Any CPU.Build.0 = Release|Any CPU
		{0D55E1CE-13A5-4776-A973-56F2FD4A31D5}.Debug|Any CPU.ActiveCfg = Debug|Any CPU
		{0D55E1CE-13A5-4776-A973-56F2FD4A31D5}.Debug|Any CPU.Build.0 = Debug|Any CPU
		{0D55E1CE-13A5-4776-A973-56F2FD4A31D5}.Release|Any CPU.ActiveCfg = Release|Any CPU
		{0D55E1CE-13A5-4776-A973-56F2FD4A31D5}.Release|Any CPU.Build.0 = Release|Any CPU
		{A6A77E4D-6194-418B-9177-3EFD12E0C962}.Debug|Any CPU.ActiveCfg = Debug|Any CPU
		{A6A77E4D-6194-418B-9177-3EFD12E0C962}.Debug|Any CPU.Build.0 = Debug|Any CPU
		{A6A77E4D-6194-418B-9177-3EFD12E0C962}.Release|Any CPU.ActiveCfg = Release|Any CPU
		{A6A77E4D-6194-418B-9177-3EFD12E0C962}.Release|Any CPU.Build.0 = Release|Any CPU
	EndGlobalSection
	GlobalSection(SolutionProperties) = preSolution
		HideSolutionNode = FALSE
	EndGlobalSection
	GlobalSection(ExtensibilityGlobals) = postSolution
		EnterpriseLibraryConfigurationToolBinariesPathV6 = packages\EnterpriseLibrary.Common.6.0.1304.0\lib\NET45;packages\EnterpriseLibrary.Logging.6.0.1304.0\lib\NET45
	EndGlobalSection
EndGlobal
