
Microsoft Visual Studio Solution File, Format Version 12.00
# Visual Studio 2012
Project("{FAE04EC0-301F-11D3-BF4B-00C04F79EFBC}") = "EcharsEntity", "EcharsEntity\EcharsEntity.csproj", "{42315695-C1B0-4FB0-B7BA-9AA68B94FAA5}"
EndProject
Project("{FAE04EC0-301F-11D3-BF4B-00C04F79EFBC}") = "Model", "Model\Model.csproj", "{C0BA9C2A-1C52-4FB9-ADE3-75547B8E9EAC}"
EndProject
Global
	GlobalSection(SolutionConfigurationPlatforms) = preSolution
		Debug|Any CPU = Debug|Any CPU
		Release|Any CPU = Release|Any CPU
	EndGlobalSection
	GlobalSection(ProjectConfigurationPlatforms) = postSolution
		{42315695-C1B0-4FB0-B7BA-9AA68B94FAA5}.Debug|Any CPU.ActiveCfg = Debug|Any CPU
		{42315695-C1B0-4FB0-B7BA-9AA68B94FAA5}.Debug|Any CPU.Build.0 = Debug|Any CPU
		{42315695-C1B0-4FB0-B7BA-9AA68B94FAA5}.Release|Any CPU.ActiveCfg = Release|Any CPU
		{42315695-C1B0-4FB0-B7BA-9AA68B94FAA5}.Release|Any CPU.Build.0 = Release|Any CPU
		{C0BA9C2A-1C52-4FB9-ADE3-75547B8E9EAC}.Debug|Any CPU.ActiveCfg = Debug|Any CPU
		{C0BA9C2A-1C52-4FB9-ADE3-75547B8E9EAC}.Debug|Any CPU.Build.0 = Debug|Any CPU
		{C0BA9C2A-1C52-4FB9-ADE3-75547B8E9EAC}.Release|Any CPU.ActiveCfg = Release|Any CPU
		{C0BA9C2A-1C52-4FB9-ADE3-75547B8E9EAC}.Release|Any CPU.Build.0 = Release|Any CPU
	EndGlobalSection
	GlobalSection(SolutionProperties) = preSolution
		HideSolutionNode = FALSE
	EndGlobalSection
EndGlobal
